
Microsoft Visual Studio Solution File, Format Version 12.00
# Visual Studio Version 17
VisualStudioVersion = 17.11.35327.3
MinimumVisualStudioVersion = 10.0.40219.1
Project("{FAE04EC0-301F-11D3-BF4B-00C04F79EFBC}") = "Intropoo", "Intropoo\Intropoo.csproj", "{33B73732-0986-49FF-9704-D19EE4A486F9}"
EndProject
Global
	GlobalSection(SolutionConfigurationPlatforms) = preSolution
		Debug|Any CPU = Debug|Any CPU
		Release|Any CPU = Release|Any CPU
	EndGlobalSection
	GlobalSection(ProjectConfigurationPlatforms) = postSolution
		{33B73732-0986-49FF-9704-D19EE4A486F9}.Debug|Any CPU.ActiveCfg = Debug|Any CPU
		{33B73732-0986-49FF-9704-D19EE4A486F9}.Debug|Any CPU.Build.0 = Debug|Any CPU
		{33B73732-0986-49FF-9704-D19EE4A486F9}.Release|Any CPU.ActiveCfg = Release|Any CPU
		{33B73732-0986-49FF-9704-D19EE4A486F9}.Release|Any CPU.Build.0 = Release|Any CPU
	EndGlobalSection
	GlobalSection(SolutionProperties) = preSolution
		HideSolutionNode = FALSE
	EndGlobalSection
	GlobalSection(ExtensibilityGlobals) = postSolution
		SolutionGuid = {D5C0AE80-0A3F-4F12-99A5-ED00AD134C03}
	EndGlobalSection
EndGlobal
